
Microsoft Visual Studio Solution File, Format Version 12.00
# Visual Studio Version 16
VisualStudioVersion = 16.0.31112.23
MinimumVisualStudioVersion = 10.0.40219.1
Project("{FAE04EC0-301F-11D3-BF4B-00C04F79EFBC}") = "OctreeAdamBielecki", "OctreeAdamBielecki\OctreeAdamBielecki.csproj", "{91EF9BD5-144A-424C-A23D-D15EF0801778}"
EndProject
Global
	GlobalSection(SolutionConfigurationPlatforms) = preSolution
		Debug|Any CPU = Debug|Any CPU
		Release|Any CPU = Release|Any CPU
	EndGlobalSection
	GlobalSection(ProjectConfigurationPlatforms) = postSolution
		{91EF9BD5-144A-424C-A23D-D15EF0801778}.Debug|Any CPU.ActiveCfg = Debug|Any CPU
		{91EF9BD5-144A-424C-A23D-D15EF0801778}.Debug|Any CPU.Build.0 = Debug|Any CPU
		{91EF9BD5-144A-424C-A23D-D15EF0801778}.Release|Any CPU.ActiveCfg = Release|Any CPU
		{91EF9BD5-144A-424C-A23D-D15EF0801778}.Release|Any CPU.Build.0 = Release|Any CPU
	EndGlobalSection
	GlobalSection(SolutionProperties) = preSolution
		HideSolutionNode = FALSE
	EndGlobalSection
	GlobalSection(ExtensibilityGlobals) = postSolution
		SolutionGuid = {0492620D-72A3-48C2-B3FA-7225BF4F7FE1}
	EndGlobalSection
EndGlobal
